// !$*UTF8*$!
{
	archiveVersion = 1;
	classes = {
	};
	objectVersion = 50;
	objects = {

/* Begin PBXBuildFile section */
		10C43E5C25A6E43F002A8B44 /* AppDelegate.swift in Sources */ = {isa = PBXBuildFile; fileRef = 10C43E5B25A6E43F002A8B44 /* AppDelegate.swift */; };
		10C43E5E25A6E43F002A8B44 /* SceneDelegate.swift in Sources */ = {isa = PBXBuildFile; fileRef = 10C43E5D25A6E43F002A8B44 /* SceneDelegate.swift */; };
		10C43E6025A6E43F002A8B44 /* ViewController.swift in Sources */ = {isa = PBXBuildFile; fileRef = 10C43E5F25A6E43F002A8B44 /* ViewController.swift */; };
		10C43E6325A6E43F002A8B44 /* Main.storyboard in Resources */ = {isa = PBXBuildFile; fileRef = 10C43E6125A6E43F002A8B44 /* Main.storyboard */; };
		10C43E6525A6E444002A8B44 /* Assets.xcassets in Resources */ = {isa = PBXBuildFile; fileRef = 10C43E6425A6E444002A8B44 /* Assets.xcassets */; };
		10C43E6825A6E444002A8B44 /* LaunchScreen.storyboard in Resources */ = {isa = PBXBuildFile; fileRef = 10C43E6625A6E444002A8B44 /* LaunchScreen.storyboard */; };
		10C43E7325A6E445002A8B44 /* Milk_StoreTests.swift in Sources */ = {isa = PBXBuildFile; fileRef = 10C43E7225A6E445002A8B44 /* Milk_StoreTests.swift */; };
		10C43E7E25A6E445002A8B44 /* Milk_StoreUITests.swift in Sources */ = {isa = PBXBuildFile; fileRef = 10C43E7D25A6E445002A8B44 /* Milk_StoreUITests.swift */; };
/* End PBXBuildFile section */

/* Begin PBXContainerItemProxy section */
		10C43E6F25A6E445002A8B44 /* PBXContainerItemProxy */ = {
			isa = PBXContainerItemProxy;
			containerPortal = 10C43E5025A6E43F002A8B44 /* Project object */;
			proxyType = 1;
			remoteGlobalIDString = 10C43E5725A6E43F002A8B44;
			remoteInfo = "Milk Store";
		};
		10C43E7A25A6E445002A8B44 /* PBXContainerItemProxy */ = {
			isa = PBXContainerItemProxy;
			containerPortal = 10C43E5025A6E43F002A8B44 /* Project object */;
			proxyType = 1;
			remoteGlobalIDString = 10C43E5725A6E43F002A8B44;
			remoteInfo = "Milk Store";
		};
/* End PBXContainerItemProxy section */

/* Begin PBXFileReference section */
		10C43E5825A6E43F002A8B44 /* Milk Store.app */ = {isa = PBXFileReference; explicitFileType = wrapper.application; includeInIndex = 0; path = "Milk Store.app"; sourceTree = BUILT_PRODUCTS_DIR; };
		10C43E5B25A6E43F002A8B44 /* AppDelegate.swift */ = {isa = PBXFileReference; lastKnownFileType = sourcecode.swift; path = AppDelegate.swift; sourceTree = "<group>"; };
		10C43E5D25A6E43F002A8B44 /* SceneDelegate.swift */ = {isa = PBXFileReference; lastKnownFileType = sourcecode.swift; path = SceneDelegate.swift; sourceTree = "<group>"; };
		10C43E5F25A6E43F002A8B44 /* ViewController.swift */ = {isa = PBXFileReference; lastKnownFileType = sourcecode.swift; path = ViewController.swift; sourceTree = "<group>"; };
		10C43E6225A6E43F002A8B44 /* Base */ = {isa = PBXFileReference; lastKnownFileType = file.storyboard; name = Base; path = Base.lproj/Main.storyboard; sourceTree = "<group>"; };
		10C43E6425A6E444002A8B44 /* Assets.xcassets */ = {isa = PBXFileReference; lastKnownFileType = folder.assetcatalog; path = Assets.xcassets; sourceTree = "<group>"; };
		10C43E6725A6E444002A8B44 /* Base */ = {isa = PBXFileReference; lastKnownFileType = file.storyboard; name = Base; path = Base.lproj/LaunchScreen.storyboard; sourceTree = "<group>"; };
		10C43E6925A6E444002A8B44 /* Info.plist */ = {isa = PBXFileReference; lastKnownFileType = text.plist.xml; path = Info.plist; sourceTree = "<group>"; };
		10C43E6E25A6E445002A8B44 /* Milk StoreTests.xctest */ = {isa = PBXFileReference; explicitFileType = wrapper.cfbundle; includeInIndex = 0; path = "Milk StoreTests.xctest"; sourceTree = BUILT_PRODUCTS_DIR; };
		10C43E7225A6E445002A8B44 /* Milk_StoreTests.swift */ = {isa = PBXFileReference; lastKnownFileType = sourcecode.swift; path = Milk_StoreTests.swift; sourceTree = "<group>"; };
		10C43E7425A6E445002A8B44 /* Info.plist */ = {isa = PBXFileReference; lastKnownFileType = text.plist.xml; path = Info.plist; sourceTree = "<group>"; };
		10C43E7925A6E445002A8B44 /* Milk StoreUITests.xctest */ = {isa = PBXFileReference; explicitFileType = wrapper.cfbundle; includeInIndex = 0; path = "Milk StoreUITests.xctest"; sourceTree = BUILT_PRODUCTS_DIR; };
		10C43E7D25A6E445002A8B44 /* Milk_StoreUITests.swift */ = {isa = PBXFileReference; lastKnownFileType = sourcecode.swift; path = Milk_StoreUITests.swift; sourceTree = "<group>"; };
		10C43E7F25A6E445002A8B44 /* Info.plist */ = {isa = PBXFileReference; lastKnownFileType = text.plist.xml; path = Info.plist; sourceTree = "<group>"; };
/* End PBXFileReference section */

/* Begin PBXFrameworksBuildPhase section */
		10C43E5525A6E43F002A8B44 /* Frameworks */ = {
			isa = PBXFrameworksBuildPhase;
			buildActionMask = 2147483647;
			files = (
			);
			runOnlyForDeploymentPostprocessing = 0;
		};
		10C43E6B25A6E445002A8B44 /* Frameworks */ = {
			isa = PBXFrameworksBuildPhase;
			buildActionMask = 2147483647;
			files = (
			);
			runOnlyForDeploymentPostprocessing = 0;
		};
		10C43E7625A6E445002A8B44 /* Frameworks */ = {
			isa = PBXFrameworksBuildPhase;
			buildActionMask = 2147483647;
			files = (
			);
			runOnlyForDeploymentPostprocessing = 0;
		};
/* End PBXFrameworksBuildPhase section */

/* Begin PBXGroup section */
		10C43E4F25A6E43F002A8B44 = {
			isa = PBXGroup;
			children = (
				10C43E5A25A6E43F002A8B44 /* Milk Store */,
				10C43E7125A6E445002A8B44 /* Milk StoreTests */,
				10C43E7C25A6E445002A8B44 /* Milk StoreUITests */,
				10C43E5925A6E43F002A8B44 /* Products */,
			);
			sourceTree = "<group>";
		};
		10C43E5925A6E43F002A8B44 /* Products */ = {
			isa = PBXGroup;
			children = (
				10C43E5825A6E43F002A8B44 /* Milk Store.app */,
				10C43E6E25A6E445002A8B44 /* Milk StoreTests.xctest */,
				10C43E7925A6E445002A8B44 /* Milk StoreUITests.xctest */,
			);
			name = Products;
			sourceTree = "<group>";
		};
		10C43E5A25A6E43F002A8B44 /* Milk Store */ = {
			isa = PBXGroup;
			children = (
				10C43E5B25A6E43F002A8B44 /* AppDelegate.swift */,
				10C43E5D25A6E43F002A8B44 /* SceneDelegate.swift */,
				10C43E5F25A6E43F002A8B44 /* ViewController.swift */,
				10C43E6125A6E43F002A8B44 /* Main.storyboard */,
				10C43E6425A6E444002A8B44 /* Assets.xcassets */,
				10C43E6625A6E444002A8B44 /* LaunchScreen.storyboard */,
				10C43E6925A6E444002A8B44 /* Info.plist */,
			);
			path = "Milk Store";
			sourceTree = "<group>";
		};
		10C43E7125A6E445002A8B44 /* Milk StoreTests */ = {
			isa = PBXGroup;
			children = (
				10C43E7225A6E445002A8B44 /* Milk_StoreTests.swift */,
				10C43E7425A6E445002A8B44 /* Info.plist */,
			);
			path = "Milk StoreTests";
			sourceTree = "<group>";
		};
		10C43E7C25A6E445002A8B44 /* Milk StoreUITests */ = {
			isa = PBXGroup;
			children = (
				10C43E7D25A6E445002A8B44 /* Milk_StoreUITests.swift */,
				10C43E7F25A6E445002A8B44 /* Info.plist */,
			);
			path = "Milk StoreUITests";
			sourceTree = "<group>";
		};
/* End PBXGroup section */

/* Begin PBXNativeTarget section */
		10C43E5725A6E43F002A8B44 /* Milk Store */ = {
			isa = PBXNativeTarget;
			buildConfigurationList = 10C43E8225A6E445002A8B44 /* Build configuration list for PBXNativeTarget "Milk Store" */;
			buildPhases = (
				10C43E5425A6E43F002A8B44 /* Sources */,
				10C43E5525A6E43F002A8B44 /* Frameworks */,
				10C43E5625A6E43F002A8B44 /* Resources */,
			);
			buildRules = (
			);
			dependencies = (
			);
			name = "Milk Store";
			productName = "Milk Store";
			productReference = 10C43E5825A6E43F002A8B44 /* Milk Store.app */;
			productType = "com.apple.product-type.application";
		};
		10C43E6D25A6E445002A8B44 /* Milk StoreTests */ = {
			isa = PBXNativeTarget;
			buildConfigurationList = 10C43E8525A6E445002A8B44 /* Build configuration list for PBXNativeTarget "Milk StoreTests" */;
			buildPhases = (
				10C43E6A25A6E445002A8B44 /* Sources */,
				10C43E6B25A6E445002A8B44 /* Frameworks */,
				10C43E6C25A6E445002A8B44 /* Resources */,
			);
			buildRules = (
			);
			dependencies = (
				10C43E7025A6E445002A8B44 /* PBXTargetDependency */,
			);
			name = "Milk StoreTests";
			productName = "Milk StoreTests";
			productReference = 10C43E6E25A6E445002A8B44 /* Milk StoreTests.xctest */;
			productType = "com.apple.product-type.bundle.unit-test";
		};
		10C43E7825A6E445002A8B44 /* Milk StoreUITests */ = {
			isa = PBXNativeTarget;
			buildConfigurationList = 10C43E8825A6E445002A8B44 /* Build configuration list for PBXNativeTarget "Milk StoreUITests" */;
			buildPhases = (
				10C43E7525A6E445002A8B44 /* Sources */,
				10C43E7625A6E445002A8B44 /* Frameworks */,
				10C43E7725A6E445002A8B44 /* Resources */,
			);
			buildRules = (
			);
			dependencies = (
				10C43E7B25A6E445002A8B44 /* PBXTargetDependency */,
			);
			name = "Milk StoreUITests";
			productName = "Milk StoreUITests";
			productReference = 10C43E7925A6E445002A8B44 /* Milk StoreUITests.xctest */;
			productType = "com.apple.product-type.bundle.ui-testing";
		};
/* End PBXNativeTarget section */

/* Begin PBXProject section */
		10C43E5025A6E43F002A8B44 /* Project object */ = {
			isa = PBXProject;
			attributes = {
				LastSwiftUpdateCheck = 1220;
				LastUpgradeCheck = 1220;
				TargetAttributes = {
					10C43E5725A6E43F002A8B44 = {
						CreatedOnToolsVersion = 12.2;
					};
					10C43E6D25A6E445002A8B44 = {
						CreatedOnToolsVersion = 12.2;
						TestTargetID = 10C43E5725A6E43F002A8B44;
					};
					10C43E7825A6E445002A8B44 = {
						CreatedOnToolsVersion = 12.2;
						TestTargetID = 10C43E5725A6E43F002A8B44;
					};
				};
			};
			buildConfigurationList = 10C43E5325A6E43F002A8B44 /* Build configuration list for PBXProject "Milk Store" */;
			compatibilityVersion = "Xcode 9.3";
			developmentRegion = en;
			hasScannedForEncodings = 0;
			knownRegions = (
				en,
				Base,
			);
			mainGroup = 10C43E4F25A6E43F002A8B44;
			productRefGroup = 10C43E5925A6E43F002A8B44 /* Products */;
			projectDirPath = "";
			projectRoot = "";
			targets = (
				10C43E5725A6E43F002A8B44 /* Milk Store */,
				10C43E6D25A6E445002A8B44 /* Milk StoreTests */,
				10C43E7825A6E445002A8B44 /* Milk StoreUITests */,
			);
		};
/* End PBXProject section */

/* Begin PBXResourcesBuildPhase section */
		10C43E5625A6E43F002A8B44 /* Resources */ = {
			isa = PBXResourcesBuildPhase;
			buildActionMask = 2147483647;
			files = (
				10C43E6825A6E444002A8B44 /* LaunchScreen.storyboard in Resources */,
				10C43E6525A6E444002A8B44 /* Assets.xcassets in Resources */,
				10C43E6325A6E43F002A8B44 /* Main.storyboard in Resources */,
			);
			runOnlyForDeploymentPostprocessing = 0;
		};
		10C43E6C25A6E445002A8B44 /* Resources */ = {
			isa = PBXResourcesBuildPhase;
			buildActionMask = 2147483647;
			files = (
			);
			runOnlyForDeploymentPostprocessing = 0;
		};
		10C43E7725A6E445002A8B44 /* Resources */ = {
			isa = PBXResourcesBuildPhase;
			buildActionMask = 2147483647;
			files = (
			);
			runOnlyForDeploymentPostprocessing = 0;
		};
/* End PBXResourcesBuildPhase section */

/* Begin PBXSourcesBuildPhase section */
		10C43E5425A6E43F002A8B44 /* Sources */ = {
			isa = PBXSourcesBuildPhase;
			buildActionMask = 2147483647;
			files = (
				10C43E6025A6E43F002A8B44 /* ViewController.swift in Sources */,
				10C43E5C25A6E43F002A8B44 /* AppDelegate.swift in Sources */,
				10C43E5E25A6E43F002A8B44 /* SceneDelegate.swift in Sources */,
			);
			runOnlyForDeploymentPostprocessing = 0;
		};
		10C43E6A25A6E445002A8B44 /* Sources */ = {
			isa = PBXSourcesBuildPhase;
			buildActionMask = 2147483647;
			files = (
				10C43E7325A6E445002A8B44 /* Milk_StoreTests.swift in Sources */,
			);
			runOnlyForDeploymentPostprocessing = 0;
		};
		10C43E7525A6E445002A8B44 /* Sources */ = {
			isa = PBXSourcesBuildPhase;
			buildActionMask = 2147483647;
			files = (
				10C43E7E25A6E445002A8B44 /* Milk_StoreUITests.swift in Sources */,
			);
			runOnlyForDeploymentPostprocessing = 0;
		};
/* End PBXSourcesBuildPhase section */

/* Begin PBXTargetDependency section */
		10C43E7025A6E445002A8B44 /* PBXTargetDependency */ = {
			isa = PBXTargetDependency;
			target = 10C43E5725A6E43F002A8B44 /* Milk Store */;
			targetProxy = 10C43E6F25A6E445002A8B44 /* PBXContainerItemProxy */;
		};
		10C43E7B25A6E445002A8B44 /* PBXTargetDependency */ = {
			isa = PBXTargetDependency;
			target = 10C43E5725A6E43F002A8B44 /* Milk Store */;
			targetProxy = 10C43E7A25A6E445002A8B44 /* PBXContainerItemProxy */;
		};
/* End PBXTargetDependency section */

/* Begin PBXVariantGroup section */
		10C43E6125A6E43F002A8B44 /* Main.storyboard */ = {
			isa = PBXVariantGroup;
			children = (
				10C43E6225A6E43F002A8B44 /* Base */,
			);
			name = Main.storyboard;
			sourceTree = "<group>";
		};
		10C43E6625A6E444002A8B44 /* LaunchScreen.storyboard */ = {
			isa = PBXVariantGroup;
			children = (
				10C43E6725A6E444002A8B44 /* Base */,
			);
			name = LaunchScreen.storyboard;
			sourceTree = "<group>";
		};
/* End PBXVariantGroup section */

/* Begin XCBuildConfiguration section */
		10C43E8025A6E445002A8B44 /* Debug */ = {
			isa = XCBuildConfiguration;
			buildSettings = {
				ALWAYS_SEARCH_USER_PATHS = NO;
				CLANG_ANALYZER_NONNULL = YES;
				CLANG_ANALYZER_NUMBER_OBJECT_CONVERSION = YES_AGGRESSIVE;
				CLANG_CXX_LANGUAGE_STANDARD = "gnu++14";
				CLANG_CXX_LIBRARY = "libc++";
				CLANG_ENABLE_MODULES = YES;
				CLANG_ENABLE_OBJC_ARC = YES;
				CLANG_ENABLE_OBJC_WEAK = YES;
				CLANG_WARN_BLOCK_CAPTURE_AUTORELEASING = YES;
				CLANG_WARN_BOOL_CONVERSION = YES;
				CLANG_WARN_COMMA = YES;
				CLANG_WARN_CONSTANT_CONVERSION = YES;
				CLANG_WARN_DEPRECATED_OBJC_IMPLEMENTATIONS = YES;
				CLANG_WARN_DIRECT_OBJC_ISA_USAGE = YES_ERROR;
				CLANG_WARN_DOCUMENTATION_COMMENTS = YES;
				CLANG_WARN_EMPTY_BODY = YES;
				CLANG_WARN_ENUM_CONVERSION = YES;
				CLANG_WARN_INFINITE_RECURSION = YES;
				CLANG_WARN_INT_CONVERSION = YES;
				CLANG_WARN_NON_LITERAL_NULL_CONVERSION = YES;
				CLANG_WARN_OBJC_IMPLICIT_RETAIN_SELF = YES;
				CLANG_WARN_OBJC_LITERAL_CONVERSION = YES;
				CLANG_WARN_OBJC_ROOT_CLASS = YES_ERROR;
				CLANG_WARN_QUOTED_INCLUDE_IN_FRAMEWORK_HEADER = YES;
				CLANG_WARN_RANGE_LOOP_ANALYSIS = YES;
				CLANG_WARN_STRICT_PROTOTYPES = YES;
				CLANG_WARN_SUSPICIOUS_MOVE = YES;
				CLANG_WARN_UNGUARDED_AVAILABILITY = YES_AGGRESSIVE;
				CLANG_WARN_UNREACHABLE_CODE = YES;
				CLANG_WARN__DUPLICATE_METHOD_MATCH = YES;
				COPY_PHASE_STRIP = NO;
				DEBUG_INFORMATION_FORMAT = dwarf;
				ENABLE_STRICT_OBJC_MSGSEND = YES;
				ENABLE_TESTABILITY = YES;
				GCC_C_LANGUAGE_STANDARD = gnu11;
				GCC_DYNAMIC_NO_PIC = NO;
				GCC_NO_COMMON_BLOCKS = YES;
				GCC_OPTIMIZATION_LEVEL = 0;
				GCC_PREPROCESSOR_DEFINITIONS = (
					"DEBUG=1",
					"$(inherited)",
				);
				GCC_WARN_64_TO_32_BIT_CONVERSION = YES;
				GCC_WARN_ABOUT_RETURN_TYPE = YES_ERROR;
				GCC_WARN_UNDECLARED_SELECTOR = YES;
				GCC_WARN_UNINITIALIZED_AUTOS = YES_AGGRESSIVE;
				GCC_WARN_UNUSED_FUNCTION = YES;
				GCC_WARN_UNUSED_VARIABLE = YES;
				IPHONEOS_DEPLOYMENT_TARGET = 14.2;
				MTL_ENABLE_DEBUG_INFO = INCLUDE_SOURCE;
				MTL_FAST_MATH = YES;
				ONLY_ACTIVE_ARCH = YES;
				SDKROOT = iphoneos;
				SWIFT_ACTIVE_COMPILATION_CONDITIONS = DEBUG;
				SWIFT_OPTIMIZATION_LEVEL = "-Onone";
			};
			name = Debug;
		};
		10C43E8125A6E445002A8B44 /* Release */ = {
			isa = XCBuildConfiguration;
			buildSettings = {
				ALWAYS_SEARCH_USER_PATHS = NO;
				CLANG_ANALYZER_NONNULL = YES;
				CLANG_ANALYZER_NUMBER_OBJECT_CONVERSION = YES_AGGRESSIVE;
				CLANG_CXX_LANGUAGE_STANDARD = "gnu++14";
				CLANG_CXX_LIBRARY = "libc++";
				CLANG_ENABLE_MODULES = YES;
				CLANG_ENABLE_OBJC_ARC = YES;
				CLANG_ENABLE_OBJC_WEAK = YES;
				CLANG_WARN_BLOCK_CAPTURE_AUTORELEASING = YES;
				CLANG_WARN_BOOL_CONVERSION = YES;
				CLANG_WARN_COMMA = YES;
				CLANG_WARN_CONSTANT_CONVERSION = YES;
				CLANG_WARN_DEPRECATED_OBJC_IMPLEMENTATIONS = YES;
				CLANG_WARN_DIRECT_OBJC_ISA_USAGE = YES_ERROR;
				CLANG_WARN_DOCUMENTATION_COMMENTS = YES;
				CLANG_WARN_EMPTY_BODY = YES;
				CLANG_WARN_ENUM_CONVERSION = YES;
				CLANG_WARN_INFINITE_RECURSION = YES;
				CLANG_WARN_INT_CONVERSION = YES;
				CLANG_WARN_NON_LITERAL_NULL_CONVERSION = YES;
				CLANG_WARN_OBJC_IMPLICIT_RETAIN_SELF = YES;
				CLANG_WARN_OBJC_LITERAL_CONVERSION = YES;
				CLANG_WARN_OBJC_ROOT_CLASS = YES_ERROR;
				CLANG_WARN_QUOTED_INCLUDE_IN_FRAMEWORK_HEADER = YES;
				CLANG_WARN_RANGE_LOOP_ANALYSIS = YES;
				CLANG_WARN_STRICT_PROTOTYPES = YES;
				CLANG_WARN_SUSPICIOUS_MOVE = YES;
				CLANG_WARN_UNGUARDED_AVAILABILITY = YES_AGGRESSIVE;
				CLANG_WARN_UNREACHABLE_CODE = YES;
				CLANG_WARN__DUPLICATE_METHOD_MATCH = YES;
				COPY_PHASE_STRIP = NO;
				DEBUG_INFORMATION_FORMAT = "dwarf-with-dsym";
				ENABLE_NS_ASSERTIONS = NO;
				ENABLE_STRICT_OBJC_MSGSEND = YES;
				GCC_C_LANGUAGE_STANDARD = gnu11;
				GCC_NO_COMMON_BLOCKS = YES;
				GCC_WARN_64_TO_32_BIT_CONVERSION = YES;
				GCC_WARN_ABOUT_RETURN_TYPE = YES_ERROR;
				GCC_WARN_UNDECLARED_SELECTOR = YES;
				GCC_WARN_UNINITIALIZED_AUTOS = YES_AGGRESSIVE;
				GCC_WARN_UNUSED_FUNCTION = YES;
				GCC_WARN_UNUSED_VARIABLE = YES;
				IPHONEOS_DEPLOYMENT_TARGET = 14.2;
				MTL_ENABLE_DEBUG_INFO = NO;
				MTL_FAST_MATH = YES;
				SDKROOT = iphoneos;
				SWIFT_COMPILATION_MODE = wholemodule;
				SWIFT_OPTIMIZATION_LEVEL = "-O";
				VALIDATE_PRODUCT = YES;
			};
			name = Release;
		};
		10C43E8325A6E445002A8B44 /* Debug */ = {
			isa = XCBuildConfiguration;
			buildSettings = {
				ASSETCATALOG_COMPILER_APPICON_NAME = AppIcon;
				ASSETCATALOG_COMPILER_GLOBAL_ACCENT_COLOR_NAME = AccentColor;
				CODE_SIGN_STYLE = Automatic;
				DEVELOPMENT_TEAM = UQDAQR22GK;
				INFOPLIST_FILE = "Milk Store/Info.plist";
				LD_RUNPATH_SEARCH_PATHS = (
					"$(inherited)",
					"@executable_path/Frameworks",
				);
				PRODUCT_BUNDLE_IDENTIFIER = "Softweather.Milk-Store";
				PRODUCT_NAME = "$(TARGET_NAME)";
				SWIFT_VERSION = 5.0;
				TARGETED_DEVICE_FAMILY = "1,2";
			};
			name = Debug;
		};
		10C43E8425A6E445002A8B44 /* Release */ = {
			isa = XCBuildConfiguration;
			buildSettings = {
				ASSETCATALOG_COMPILER_APPICON_NAME = AppIcon;
				ASSETCATALOG_COMPILER_GLOBAL_ACCENT_COLOR_NAME = AccentColor;
				CODE_SIGN_STYLE = Automatic;
				DEVELOPMENT_TEAM = UQDAQR22GK;
				INFOPLIST_FILE = "Milk Store/Info.plist";
				LD_RUNPATH_SEARCH_PATHS = (
					"$(inherited)",
					"@executable_path/Frameworks",
				);
				PRODUCT_BUNDLE_IDENTIFIER = "Softweather.Milk-Store";
				PRODUCT_NAME = "$(TARGET_NAME)";
				SWIFT_VERSION = 5.0;
				TARGETED_DEVICE_FAMILY = "1,2";
			};
			name = Release;
		};
		10C43E8625A6E445002A8B44 /* Debug */ = {
			isa = XCBuildConfiguration;
			buildSettings = {
				ALWAYS_EMBED_SWIFT_STANDARD_LIBRARIES = YES;
				BUNDLE_LOADER = "$(TEST_HOST)";
				CODE_SIGN_STYLE = Automatic;
				DEVELOPMENT_TEAM = UQDAQR22GK;
				INFOPLIST_FILE = "Milk StoreTests/Info.plist";
				IPHONEOS_DEPLOYMENT_TARGET = 14.2;
				LD_RUNPATH_SEARCH_PATHS = (
					"$(inherited)",
					"@executable_path/Frameworks",
					"@loader_path/Frameworks",
				);
				PRODUCT_BUNDLE_IDENTIFIER = "Softweather.Milk-StoreTests";
				PRODUCT_NAME = "$(TARGET_NAME)";
				SWIFT_VERSION = 5.0;
				TARGETED_DEVICE_FAMILY = "1,2";
				TEST_HOST = "$(BUILT_PRODUCTS_DIR)/Milk Store.app/Milk Store";
			};
			name = Debug;
		};
		10C43E8725A6E445002A8B44 /* Release */ = {
			isa = XCBuildConfiguration;
			buildSettings = {
				ALWAYS_EMBED_SWIFT_STANDARD_LIBRARIES = YES;
				BUNDLE_LOADER = "$(TEST_HOST)";
				CODE_SIGN_STYLE = Automatic;
				DEVELOPMENT_TEAM = UQDAQR22GK;
				INFOPLIST_FILE = "Milk StoreTests/Info.plist";
				IPHONEOS_DEPLOYMENT_TARGET = 14.2;
				LD_RUNPATH_SEARCH_PATHS = (
					"$(inherited)",
					"@executable_path/Frameworks",
					"@loader_path/Frameworks",
				);
				PRODUCT_BUNDLE_IDENTIFIER = "Softweather.Milk-StoreTests";
				PRODUCT_NAME = "$(TARGET_NAME)";
				SWIFT_VERSION = 5.0;
				TARGETED_DEVICE_FAMILY = "1,2";
				TEST_HOST = "$(BUILT_PRODUCTS_DIR)/Milk Store.app/Milk Store";
			};
			name = Release;
		};
		10C43E8925A6E445002A8B44 /* Debug */ = {
			isa = XCBuildConfiguration;
			buildSettings = {
				ALWAYS_EMBED_SWIFT_STANDARD_LIBRARIES = YES;
				CODE_SIGN_STYLE = Automatic;
				DEVELOPMENT_TEAM = UQDAQR22GK;
				INFOPLIST_FILE = "Milk StoreUITests/Info.plist";
				LD_RUNPATH_SEARCH_PATHS = (
					"$(inherited)",
					"@executable_path/Frameworks",
					"@loader_path/Frameworks",
				);
				PRODUCT_BUNDLE_IDENTIFIER = "Softweather.Milk-StoreUITests";
				PRODUCT_NAME = "$(TARGET_NAME)";
				SWIFT_VERSION = 5.0;
				TARGETED_DEVICE_FAMILY = "1,2";
				TEST_TARGET_NAME = "Milk Store";
			};
			name = Debug;
		};
		10C43E8A25A6E445002A8B44 /* Release */ = {
			isa = XCBuildConfiguration;
			buildSettings = {
				ALWAYS_EMBED_SWIFT_STANDARD_LIBRARIES = YES;
				CODE_SIGN_STYLE = Automatic;
				DEVELOPMENT_TEAM = UQDAQR22GK;
				INFOPLIST_FILE = "Milk StoreUITests/Info.plist";
				LD_RUNPATH_SEARCH_PATHS = (
					"$(inherited)",
					"@executable_path/Frameworks",
					"@loader_path/Frameworks",
				);
				PRODUCT_BUNDLE_IDENTIFIER = "Softweather.Milk-StoreUITests";
				PRODUCT_NAME = "$(TARGET_NAME)";
				SWIFT_VERSION = 5.0;
				TARGETED_DEVICE_FAMILY = "1,2";
				TEST_TARGET_NAME = "Milk Store";
			};
			name = Release;
		};
/* End XCBuildConfiguration section */

/* Begin XCConfigurationList section */
		10C43E5325A6E43F002A8B44 /* Build configuration list for PBXProject "Milk Store" */ = {
			isa = XCConfigurationList;
			buildConfigurations = (
				10C43E8025A6E445002A8B44 /* Debug */,
				10C43E8125A6E445002A8B44 /* Release */,
			);
			defaultConfigurationIsVisible = 0;
			defaultConfigurationName = Release;
		};
		10C43E8225A6E445002A8B44 /* Build configuration list for PBXNativeTarget "Milk Store" */ = {
			isa = XCConfigurationList;
			buildConfigurations = (
				10C43E8325A6E445002A8B44 /* Debug */,
				10C43E8425A6E445002A8B44 /* Release */,
			);
			defaultConfigurationIsVisible = 0;
			defaultConfigurationName = Release;
		};
		10C43E8525A6E445002A8B44 /* Build configuration list for PBXNativeTarget "Milk StoreTests" */ = {
			isa = XCConfigurationList;
			buildConfigurations = (
				10C43E8625A6E445002A8B44 /* Debug */,
				10C43E8725A6E445002A8B44 /* Release */,
			);
			defaultConfigurationIsVisible = 0;
			defaultConfigurationName = Release;
		};
		10C43E8825A6E445002A8B44 /* Build configuration list for PBXNativeTarget "Milk StoreUITests" */ = {
			isa = XCConfigurationList;
			buildConfigurations = (
				10C43E8925A6E445002A8B44 /* Debug */,
				10C43E8A25A6E445002A8B44 /* Release */,
			);
			defaultConfigurationIsVisible = 0;
			defaultConfigurationName = Release;
		};
/* End XCConfigurationList section */
	};
	rootObject = 10C43E5025A6E43F002A8B44 /* Project object */;
}
